// !$*UTF8*$!
{
	archiveVersion = 1;
	classes = {
	};
	objectVersion = 46;
	objects = {

/* Begin PBXBuildFile section */
		445321EB1A72E9A90017D04B /* main.m in Sources */ = {isa = PBXBuildFile; fileRef = 445321EA1A72E9A90017D04B /* main.m */; };
		445321EE1A72E9A90017D04B /* AppDelegate.m in Sources */ = {isa = PBXBuildFile; fileRef = 445321ED1A72E9A90017D04B /* AppDelegate.m */; };
		445321F11A72E9A90017D04B /* ViewController.m in Sources */ = {isa = PBXBuildFile; fileRef = 445321F01A72E9A90017D04B /* ViewController.m */; };
		445321F41A72E9A90017D04B /* Main.storyboard in Resources */ = {isa = PBXBuildFile; fileRef = 445321F21A72E9A90017D04B /* Main.storyboard */; };
		445321F61A72E9A90017D04B /* Images.xcassets in Resources */ = {isa = PBXBuildFile; fileRef = 445321F51A72E9A90017D04B /* Images.xcassets */; };
		445321F91A72E9A90017D04B /* LaunchScreen.xib in Resources */ = {isa = PBXBuildFile; fileRef = 445321F71A72E9A90017D04B /* LaunchScreen.xib */; };
		445322051A72E9A90017D04B /* MatterTests.m in Sources */ = {isa = PBXBuildFile; fileRef = 445322041A72E9A90017D04B /* MatterTests.m */; };
/* End PBXBuildFile section */

/* Begin PBXContainerItemProxy section */
		445321FF1A72E9A90017D04B /* PBXContainerItemProxy */ = {
			isa = PBXContainerItemProxy;
			containerPortal = 445321DD1A72E9A90017D04B /* Project object */;
			proxyType = 1;
			remoteGlobalIDString = 445321E41A72E9A90017D04B;
			remoteInfo = Matter;
		};
/* End PBXContainerItemProxy section */

/* Begin PBXFileReference section */
		445321E51A72E9A90017D04B /* Matter.app */ = {isa = PBXFileReference; explicitFileType = wrapper.application; includeInIndex = 0; path = Matter.app; sourceTree = BUILT_PRODUCTS_DIR; };
		445321E91A72E9A90017D04B /* Info.plist */ = {isa = PBXFileReference; lastKnownFileType = text.plist.xml; path = Info.plist; sourceTree = "<group>"; };
		445321EA1A72E9A90017D04B /* main.m */ = {isa = PBXFileReference; lastKnownFileType = sourcecode.c.objc; path = main.m; sourceTree = "<group>"; };
		445321EC1A72E9A90017D04B /* AppDelegate.h */ = {isa = PBXFileReference; lastKnownFileType = sourcecode.c.h; path = AppDelegate.h; sourceTree = "<group>"; };
		445321ED1A72E9A90017D04B /* AppDelegate.m */ = {isa = PBXFileReference; lastKnownFileType = sourcecode.c.objc; path = AppDelegate.m; sourceTree = "<group>"; };
		445321EF1A72E9A90017D04B /* ViewController.h */ = {isa = PBXFileReference; lastKnownFileType = sourcecode.c.h; path = ViewController.h; sourceTree = "<group>"; };
		445321F01A72E9A90017D04B /* ViewController.m */ = {isa = PBXFileReference; lastKnownFileType = sourcecode.c.objc; path = ViewController.m; sourceTree = "<group>"; };
		445321F31A72E9A90017D04B /* Base */ = {isa = PBXFileReference; lastKnownFileType = file.storyboard; name = Base; path = Base.lproj/Main.storyboard; sourceTree = "<group>"; };
		445321F51A72E9A90017D04B /* Images.xcassets */ = {isa = PBXFileReference; lastKnownFileType = folder.assetcatalog; path = Images.xcassets; sourceTree = "<group>"; };
		445321F81A72E9A90017D04B /* Base */ = {isa = PBXFileReference; lastKnownFileType = file.xib; name = Base; path = Base.lproj/LaunchScreen.xib; sourceTree = "<group>"; };
		445321FE1A72E9A90017D04B /* MatterTests.xctest */ = {isa = PBXFileReference; explicitFileType = wrapper.cfbundle; includeInIndex = 0; path = MatterTests.xctest; sourceTree = BUILT_PRODUCTS_DIR; };
		445322031A72E9A90017D04B /* Info.plist */ = {isa = PBXFileReference; lastKnownFileType = text.plist.xml; path = Info.plist; sourceTree = "<group>"; };
		445322041A72E9A90017D04B /* MatterTests.m */ = {isa = PBXFileReference; lastKnownFileType = sourcecode.c.objc; path = MatterTests.m; sourceTree = "<group>"; };
/* End PBXFileReference section */

/* Begin PBXFrameworksBuildPhase section */
		445321E21A72E9A90017D04B /* Frameworks */ = {
			isa = PBXFrameworksBuildPhase;
			buildActionMask = 2147483647;
			files = (
			);
			runOnlyForDeploymentPostprocessing = 0;
		};
		445321FB1A72E9A90017D04B /* Frameworks */ = {
			isa = PBXFrameworksBuildPhase;
			buildActionMask = 2147483647;
			files = (
			);
			runOnlyForDeploymentPostprocessing = 0;
		};
/* End PBXFrameworksBuildPhase section */

/* Begin PBXGroup section */
		445321DC1A72E9A90017D04B = {
			isa = PBXGroup;
			children = (
				445321E71A72E9A90017D04B /* Matter */,
				445322011A72E9A90017D04B /* MatterTests */,
				445321E61A72E9A90017D04B /* Products */,
			);
			sourceTree = "<group>";
		};
		445321E61A72E9A90017D04B /* Products */ = {
			isa = PBXGroup;
			children = (
				445321E51A72E9A90017D04B /* Matter.app */,
				445321FE1A72E9A90017D04B /* MatterTests.xctest */,
			);
			name = Products;
			sourceTree = "<group>";
		};
		445321E71A72E9A90017D04B /* Matter */ = {
			isa = PBXGroup;
			children = (
				445321EC1A72E9A90017D04B /* AppDelegate.h */,
				445321ED1A72E9A90017D04B /* AppDelegate.m */,
				445321EF1A72E9A90017D04B /* ViewController.h */,
				445321F01A72E9A90017D04B /* ViewController.m */,
				445321F21A72E9A90017D04B /* Main.storyboard */,
				445321F51A72E9A90017D04B /* Images.xcassets */,
				445321F71A72E9A90017D04B /* LaunchScreen.xib */,
				445321E81A72E9A90017D04B /* Supporting Files */,
			);
			path = Matter;
			sourceTree = "<group>";
		};
		445321E81A72E9A90017D04B /* Supporting Files */ = {
			isa = PBXGroup;
			children = (
				445321E91A72E9A90017D04B /* Info.plist */,
				445321EA1A72E9A90017D04B /* main.m */,
			);
			name = "Supporting Files";
			sourceTree = "<group>";
		};
		445322011A72E9A90017D04B /* MatterTests */ = {
			isa = PBXGroup;
			children = (
				445322041A72E9A90017D04B /* MatterTests.m */,
				445322021A72E9A90017D04B /* Supporting Files */,
			);
			path = MatterTests;
			sourceTree = "<group>";
		};
		445322021A72E9A90017D04B /* Supporting Files */ = {
			isa = PBXGroup;
			children = (
				445322031A72E9A90017D04B /* Info.plist */,
			);
			name = "Supporting Files";
			sourceTree = "<group>";
		};
/* End PBXGroup section */

/* Begin PBXNativeTarget section */
		445321E41A72E9A90017D04B /* Matter */ = {
			isa = PBXNativeTarget;
			buildConfigurationList = 445322081A72E9A90017D04B /* Build configuration list for PBXNativeTarget "Matter" */;
			buildPhases = (
				445321E11A72E9A90017D04B /* Sources */,
				445321E21A72E9A90017D04B /* Frameworks */,
				445321E31A72E9A90017D04B /* Resources */,
			);
			buildRules = (
			);
			dependencies = (
			);
			name = Matter;
			productName = Matter;
			productReference = 445321E51A72E9A90017D04B /* Matter.app */;
			productType = "com.apple.product-type.application";
		};
		445321FD1A72E9A90017D04B /* MatterTests */ = {
			isa = PBXNativeTarget;
			buildConfigurationList = 4453220B1A72E9A90017D04B /* Build configuration list for PBXNativeTarget "MatterTests" */;
			buildPhases = (
				445321FA1A72E9A90017D04B /* Sources */,
				445321FB1A72E9A90017D04B /* Frameworks */,
				445321FC1A72E9A90017D04B /* Resources */,
			);
			buildRules = (
			);
			dependencies = (
				445322001A72E9A90017D04B /* PBXTargetDependency */,
			);
			name = MatterTests;
			productName = MatterTests;
			productReference = 445321FE1A72E9A90017D04B /* MatterTests.xctest */;
			productType = "com.apple.product-type.bundle.unit-test";
		};
/* End PBXNativeTarget section */

/* Begin PBXProject section */
		445321DD1A72E9A90017D04B /* Project object */ = {
			isa = PBXProject;
			attributes = {
				LastUpgradeCheck = 0610;
				ORGANIZATIONNAME = DBHackathon;
				TargetAttributes = {
					445321E41A72E9A90017D04B = {
						CreatedOnToolsVersion = 6.1.1;
					};
					445321FD1A72E9A90017D04B = {
						CreatedOnToolsVersion = 6.1.1;
						TestTargetID = 445321E41A72E9A90017D04B;
					};
				};
			};
			buildConfigurationList = 445321E01A72E9A90017D04B /* Build configuration list for PBXProject "Matter" */;
			compatibilityVersion = "Xcode 3.2";
			developmentRegion = English;
			hasScannedForEncodings = 0;
			knownRegions = (
				en,
				Base,
			);
			mainGroup = 445321DC1A72E9A90017D04B;
			productRefGroup = 445321E61A72E9A90017D04B /* Products */;
			projectDirPath = "";
			projectRoot = "";
			targets = (
				445321E41A72E9A90017D04B /* Matter */,
				445321FD1A72E9A90017D04B /* MatterTests */,
			);
		};
/* End PBXProject section */

/* Begin PBXResourcesBuildPhase section */
		445321E31A72E9A90017D04B /* Resources */ = {
			isa = PBXResourcesBuildPhase;
			buildActionMask = 2147483647;
			files = (
				445321F41A72E9A90017D04B /* Main.storyboard in Resources */,
				445321F91A72E9A90017D04B /* LaunchScreen.xib in Resources */,
				445321F61A72E9A90017D04B /* Images.xcassets in Resources */,
			);
			runOnlyForDeploymentPostprocessing = 0;
		};
		445321FC1A72E9A90017D04B /* Resources */ = {
			isa = PBXResourcesBuildPhase;
			buildActionMask = 2147483647;
			files = (
			);
			runOnlyForDeploymentPostprocessing = 0;
		};
/* End PBXResourcesBuildPhase section */

/* Begin PBXSourcesBuildPhase section */
		445321E11A72E9A90017D04B /* Sources */ = {
			isa = PBXSourcesBuildPhase;
			buildActionMask = 2147483647;
			files = (
				445321F11A72E9A90017D04B /* ViewController.m in Sources */,
				445321EE1A72E9A90017D04B /* AppDelegate.m in Sources */,
				445321EB1A72E9A90017D04B /* main.m in Sources */,
			);
			runOnlyForDeploymentPostprocessing = 0;
		};
		445321FA1A72E9A90017D04B /* Sources */ = {
			isa = PBXSourcesBuildPhase;
			buildActionMask = 2147483647;
			files = (
				445322051A72E9A90017D04B /* MatterTests.m in Sources */,
			);
			runOnlyForDeploymentPostprocessing = 0;
		};
/* End PBXSourcesBuildPhase section */

/* Begin PBXTargetDependency section */
		445322001A72E9A90017D04B /* PBXTargetDependency */ = {
			isa = PBXTargetDependency;
			target = 445321E41A72E9A90017D04B /* Matter */;
			targetProxy = 445321FF1A72E9A90017D04B /* PBXContainerItemProxy */;
		};
/* End PBXTargetDependency section */

/* Begin PBXVariantGroup section */
		445321F21A72E9A90017D04B /* Main.storyboard */ = {
			isa = PBXVariantGroup;
			children = (
				445321F31A72E9A90017D04B /* Base */,
			);
			name = Main.storyboard;
			sourceTree = "<group>";
		};
		445321F71A72E9A90017D04B /* LaunchScreen.xib */ = {
			isa = PBXVariantGroup;
			children = (
				445321F81A72E9A90017D04B /* Base */,
			);
			name = LaunchScreen.xib;
			sourceTree = "<group>";
		};
/* End PBXVariantGroup section */

/* Begin XCBuildConfiguration section */
		445322061A72E9A90017D04B /* Debug */ = {
			isa = XCBuildConfiguration;
			buildSettings = {
				ALWAYS_SEARCH_USER_PATHS = NO;
				CLANG_CXX_LANGUAGE_STANDARD = "gnu++0x";
				CLANG_CXX_LIBRARY = "libc++";
				CLANG_ENABLE_MODULES = YES;
				CLANG_ENABLE_OBJC_ARC = YES;
				CLANG_WARN_BOOL_CONVERSION = YES;
				CLANG_WARN_CONSTANT_CONVERSION = YES;
				CLANG_WARN_DIRECT_OBJC_ISA_USAGE = YES_ERROR;
				CLANG_WARN_EMPTY_BODY = YES;
				CLANG_WARN_ENUM_CONVERSION = YES;
				CLANG_WARN_INT_CONVERSION = YES;
				CLANG_WARN_OBJC_ROOT_CLASS = YES_ERROR;
				CLANG_WARN_UNREACHABLE_CODE = YES;
				CLANG_WARN__DUPLICATE_METHOD_MATCH = YES;
				"CODE_SIGN_IDENTITY[sdk=iphoneos*]" = "iPhone Developer";
				COPY_PHASE_STRIP = NO;
				ENABLE_STRICT_OBJC_MSGSEND = YES;
				GCC_C_LANGUAGE_STANDARD = gnu99;
				GCC_DYNAMIC_NO_PIC = NO;
				GCC_OPTIMIZATION_LEVEL = 0;
				GCC_PREPROCESSOR_DEFINITIONS = (
					"DEBUG=1",
					"$(inherited)",
				);
				GCC_SYMBOLS_PRIVATE_EXTERN = NO;
				GCC_WARN_64_TO_32_BIT_CONVERSION = YES;
				GCC_WARN_ABOUT_RETURN_TYPE = YES_ERROR;
				GCC_WARN_UNDECLARED_SELECTOR = YES;
				GCC_WARN_UNINITIALIZED_AUTOS = YES_AGGRESSIVE;
				GCC_WARN_UNUSED_FUNCTION = YES;
				GCC_WARN_UNUSED_VARIABLE = YES;
				IPHONEOS_DEPLOYMENT_TARGET = 8.1;
				MTL_ENABLE_DEBUG_INFO = YES;
				ONLY_ACTIVE_ARCH = YES;
				SDKROOT = iphoneos;
				TARGETED_DEVICE_FAMILY = "1,2";
			};
			name = Debug;
		};
		445322071A72E9A90017D04B /* Release */ = {
			isa = XCBuildConfiguration;
			buildSettings = {
				ALWAYS_SEARCH_USER_PATHS = NO;
				CLANG_CXX_LANGUAGE_STANDARD = "gnu++0x";
				CLANG_CXX_LIBRARY = "libc++";
				CLANG_ENABLE_MODULES = YES;
				CLANG_ENABLE_OBJC_ARC = YES;
				CLANG_WARN_BOOL_CONVERSION = YES;
				CLANG_WARN_CONSTANT_CONVERSION = YES;
				CLANG_WARN_DIRECT_OBJC_ISA_USAGE = YES_ERROR;
				CLANG_WARN_EMPTY_BODY = YES;
				CLANG_WARN_ENUM_CONVERSION = YES;
				CLANG_WARN_INT_CONVERSION = YES;
				CLANG_WARN_OBJC_ROOT_CLASS = YES_ERROR;
				CLANG_WARN_UNREACHABLE_CODE = YES;
				CLANG_WARN__DUPLICATE_METHOD_MATCH = YES;
				"CODE_SIGN_IDENTITY[sdk=iphoneos*]" = "iPhone Developer";
				COPY_PHASE_STRIP = YES;
				ENABLE_NS_ASSERTIONS = NO;
				ENABLE_STRICT_OBJC_MSGSEND = YES;
				GCC_C_LANGUAGE_STANDARD = gnu99;
				GCC_WARN_64_TO_32_BIT_CONVERSION = YES;
				GCC_WARN_ABOUT_RETURN_TYPE = YES_ERROR;
				GCC_WARN_UNDECLARED_SELECTOR = YES;
				GCC_WARN_UNINITIALIZED_AUTOS = YES_AGGRESSIVE;
				GCC_WARN_UNUSED_FUNCTION = YES;
				GCC_WARN_UNUSED_VARIABLE = YES;
				IPHONEOS_DEPLOYMENT_TARGET = 8.1;
				MTL_ENABLE_DEBUG_INFO = NO;
				SDKROOT = iphoneos;
				TARGETED_DEVICE_FAMILY = "1,2";
				VALIDATE_PRODUCT = YES;
			};
			name = Release;
		};
		445322091A72E9A90017D04B /* Debug */ = {
			isa = XCBuildConfiguration;
			buildSettings = {
				ASSETCATALOG_COMPILER_APPICON_NAME = AppIcon;
				INFOPLIST_FILE = Matter/Info.plist;
				LD_RUNPATH_SEARCH_PATHS = "$(inherited) @executable_path/Frameworks";
				PRODUCT_NAME = "$(TARGET_NAME)";
			};
			name = Debug;
		};
		4453220A1A72E9A90017D04B /* Release */ = {
			isa = XCBuildConfiguration;
			buildSettings = {
				ASSETCATALOG_COMPILER_APPICON_NAME = AppIcon;
				INFOPLIST_FILE = Matter/Info.plist;
				LD_RUNPATH_SEARCH_PATHS = "$(inherited) @executable_path/Frameworks";
				PRODUCT_NAME = "$(TARGET_NAME)";
			};
			name = Release;
		};
		4453220C1A72E9A90017D04B /* Debug */ = {
			isa = XCBuildConfiguration;
			buildSettings = {
				BUNDLE_LOADER = "$(TEST_HOST)";
				FRAMEWORK_SEARCH_PATHS = (
					"$(SDKROOT)/Developer/Library/Frameworks",
					"$(inherited)",
				);
				GCC_PREPROCESSOR_DEFINITIONS = (
					"DEBUG=1",
					"$(inherited)",
				);
				INFOPLIST_FILE = MatterTests/Info.plist;
				LD_RUNPATH_SEARCH_PATHS = "$(inherited) @executable_path/Frameworks @loader_path/Frameworks";
				PRODUCT_NAME = "$(TARGET_NAME)";
				TEST_HOST = "$(BUILT_PRODUCTS_DIR)/Matter.app/Matter";
			};
			name = Debug;
		};
		4453220D1A72E9A90017D04B /* Release */ = {
			isa = XCBuildConfiguration;
			buildSettings = {
				BUNDLE_LOADER = "$(TEST_HOST)";
				FRAMEWORK_SEARCH_PATHS = (
					"$(SDKROOT)/Developer/Library/Frameworks",
					"$(inherited)",
				);
				INFOPLIST_FILE = MatterTests/Info.plist;
				LD_RUNPATH_SEARCH_PATHS = "$(inherited) @executable_path/Frameworks @loader_path/Frameworks";
				PRODUCT_NAME = "$(TARGET_NAME)";
				TEST_HOST = "$(BUILT_PRODUCTS_DIR)/Matter.app/Matter";
			};
			name = Release;
		};
/* End XCBuildConfiguration section */

/* Begin XCConfigurationList section */
		445321E01A72E9A90017D04B /* Build configuration list for PBXProject "Matter" */ = {
			isa = XCConfigurationList;
			buildConfigurations = (
				445322061A72E9A90017D04B /* Debug */,
				445322071A72E9A90017D04B /* Release */,
			);
			defaultConfigurationIsVisible = 0;
			defaultConfigurationName = Release;
		};
		445322081A72E9A90017D04B /* Build configuration list for PBXNativeTarget "Matter" */ = {
			isa = XCConfigurationList;
			buildConfigurations = (
				445322091A72E9A90017D04B /* Debug */,
				4453220A1A72E9A90017D04B /* Release */,
			);
			defaultConfigurationIsVisible = 0;
		};
		4453220B1A72E9A90017D04B /* Build configuration list for PBXNativeTarget "MatterTests" */ = {
			isa = XCConfigurationList;
			buildConfigurations = (
				4453220C1A72E9A90017D04B /* Debug */,
				4453220D1A72E9A90017D04B /* Release */,
			);
			defaultConfigurationIsVisible = 0;
		};
/* End XCConfigurationList section */
	};
	rootObject = 445321DD1A72E9A90017D04B /* Project object */;
}
